
Microsoft Visual Studio Solution File, Format Version 12.00
# Visual Studio Version 16
VisualStudioVersion = 16.0.29613.14
MinimumVisualStudioVersion = 10.0.40219.1
Project("{FAE04EC0-301F-11D3-BF4B-00C04F79EFBC}") = "Matanalize", "Matanalize.csproj", "{517215B5-0551-4DE5-B1B8-E668D882ED1C}"
EndProject
Global
	GlobalSection(SolutionConfigurationPlatforms) = preSolution
		Debug|Any CPU = Debug|Any CPU
		Release|Any CPU = Release|Any CPU
	EndGlobalSection
	GlobalSection(ProjectConfigurationPlatforms) = postSolution
		{517215B5-0551-4DE5-B1B8-E668D882ED1C}.Debug|Any CPU.ActiveCfg = Debug|Any CPU
		{517215B5-0551-4DE5-B1B8-E668D882ED1C}.Debug|Any CPU.Build.0 = Debug|Any CPU
		{517215B5-0551-4DE5-B1B8-E668D882ED1C}.Release|Any CPU.ActiveCfg = Release|Any CPU
		{517215B5-0551-4DE5-B1B8-E668D882ED1C}.Release|Any CPU.Build.0 = Release|Any CPU
	EndGlobalSection
	GlobalSection(SolutionProperties) = preSolution
		HideSolutionNode = FALSE
	EndGlobalSection
	GlobalSection(ExtensibilityGlobals) = postSolution
		SolutionGuid = {5BAF12A5-3F92-4A3A-A915-4A0EBCC02721}
	EndGlobalSection
EndGlobal
